
Microsoft Visual Studio Solution File, Format Version 12.00
# Visual Studio Version 17
VisualStudioVersion = 17.7.34221.43
MinimumVisualStudioVersion = 10.0.40219.1
Project("{FAE04EC0-301F-11D3-BF4B-00C04F79EFBC}") = "ConsoleApp3", "ConsoleApp3\ConsoleApp3.csproj", "{5759FB72-FF45-4AF9-8E7A-F286266F2422}"
EndProject
Global
	GlobalSection(SolutionConfigurationPlatforms) = preSolution
		Debug|Any CPU = Debug|Any CPU
		Release|Any CPU = Release|Any CPU
	EndGlobalSection
	GlobalSection(ProjectConfigurationPlatforms) = postSolution
		{5759FB72-FF45-4AF9-8E7A-F286266F2422}.Debug|Any CPU.ActiveCfg = Debug|Any CPU
		{5759FB72-FF45-4AF9-8E7A-F286266F2422}.Debug|Any CPU.Build.0 = Debug|Any CPU
		{5759FB72-FF45-4AF9-8E7A-F286266F2422}.Release|Any CPU.ActiveCfg = Release|Any CPU
		{5759FB72-FF45-4AF9-8E7A-F286266F2422}.Release|Any CPU.Build.0 = Release|Any CPU
	EndGlobalSection
	GlobalSection(SolutionProperties) = preSolution
		HideSolutionNode = FALSE
	EndGlobalSection
	GlobalSection(ExtensibilityGlobals) = postSolution
		SolutionGuid = {CFBE52E7-793C-4D18-828F-861FAB62AD56}
	EndGlobalSection
EndGlobal
